
Microsoft Visual Studio Solution File, Format Version 12.00
# Visual Studio Express 2012 for Windows Desktop
Project("{FAE04EC0-301F-11D3-BF4B-00C04F79EFBC}") = "Compression Plugin", "Compression Plugin\Compression Plugin.csproj", "{16244C22-2332-46EF-BBB8-2631965B6222}"
EndProject
Global
	GlobalSection(SolutionConfigurationPlatforms) = preSolution
		Debug|Any CPU = Debug|Any CPU
		Release|Any CPU = Release|Any CPU
	EndGlobalSection
	GlobalSection(ProjectConfigurationPlatforms) = postSolution
		{16244C22-2332-46EF-BBB8-2631965B6222}.Debug|Any CPU.ActiveCfg = Debug|Any CPU
		{16244C22-2332-46EF-BBB8-2631965B6222}.Debug|Any CPU.Build.0 = Debug|Any CPU
		{16244C22-2332-46EF-BBB8-2631965B6222}.Release|Any CPU.ActiveCfg = Release|Any CPU
		{16244C22-2332-46EF-BBB8-2631965B6222}.Release|Any CPU.Build.0 = Release|Any CPU
	EndGlobalSection
	GlobalSection(SolutionProperties) = preSolution
		HideSolutionNode = FALSE
	EndGlobalSection
EndGlobal
